Microsoft Visual Studio Solution File, Format Version 11.00
# Visual Studio 2008

Project("{10790D0C-18A1-6E4C-5E00-178A1448FC9E}") = "vive_unity_project", "Assembly-CSharp-firstpass.csproj", "{05374E15-8B55-0526-F897-B8F5A59A6947}"
EndProject
Project("{10790D0C-18A1-6E4C-5E00-178A1448FC9E}") = "vive_unity_project", "Assembly-CSharp.csproj", "{081AA729-6BBD-22F3-D955-2C3843FB9B81}"
EndProject
Project("{10790D0C-18A1-6E4C-5E00-178A1448FC9E}") = "vive_unity_project", "Assembly-CSharp-Editor.csproj", "{4D90FA14-C1C0-256B-06A6-1538498A2A4E}"
EndProject
Global
	GlobalSection(SolutionConfigurationPlatforms) = preSolution
		Debug|Any CPU = Debug|Any CPU
		Release|Any CPU = Release|Any CPU
	EndGlobalSection
	GlobalSection(ProjectConfigurationPlatforms) = postSolution
		{05374E15-8B55-0526-F897-B8F5A59A6947}.Debug|Any CPU.ActiveCfg = Debug|Any CPU
		{05374E15-8B55-0526-F897-B8F5A59A6947}.Debug|Any CPU.Build.0 = Debug|Any CPU
		{05374E15-8B55-0526-F897-B8F5A59A6947}.Release|Any CPU.ActiveCfg = Release|Any CPU
		{05374E15-8B55-0526-F897-B8F5A59A6947}.Release|Any CPU.Build.0 = Release|Any CPU
		{081AA729-6BBD-22F3-D955-2C3843FB9B81}.Debug|Any CPU.ActiveCfg = Debug|Any CPU
		{081AA729-6BBD-22F3-D955-2C3843FB9B81}.Debug|Any CPU.Build.0 = Debug|Any CPU
		{081AA729-6BBD-22F3-D955-2C3843FB9B81}.Release|Any CPU.ActiveCfg = Release|Any CPU
		{081AA729-6BBD-22F3-D955-2C3843FB9B81}.Release|Any CPU.Build.0 = Release|Any CPU
		{4D90FA14-C1C0-256B-06A6-1538498A2A4E}.Debug|Any CPU.ActiveCfg = Debug|Any CPU
		{4D90FA14-C1C0-256B-06A6-1538498A2A4E}.Debug|Any CPU.Build.0 = Debug|Any CPU
		{4D90FA14-C1C0-256B-06A6-1538498A2A4E}.Release|Any CPU.ActiveCfg = Release|Any CPU
		{4D90FA14-C1C0-256B-06A6-1538498A2A4E}.Release|Any CPU.Build.0 = Release|Any CPU
	EndGlobalSection
	GlobalSection(SolutionProperties) = preSolution
		HideSolutionNode = FALSE
	EndGlobalSection
	GlobalSection(MonoDevelopProperties) = preSolution
		StartupItem = Assembly-CSharp.csproj
	EndGlobalSection
EndGlobal
